
Microsoft Visual Studio Solution File, Format Version 12.00
# Visual Studio Version 17
VisualStudioVersion = 17.0.31919.166
MinimumVisualStudioVersion = 10.0.40219.1
Project("{FAE04EC0-301F-11D3-BF4B-00C04F79EFBC}") = "WebAppCQRS", "WebAppCQRS\WebAppCQRS.csproj", "{4A70AE2F-3AD4-4370-8718-5BFBD3D7F57E}"
EndProject
Global
	GlobalSection(SolutionConfigurationPlatforms) = preSolution
		Debug|Any CPU = Debug|Any CPU
		Release|Any CPU = Release|Any CPU
	EndGlobalSection
	GlobalSection(ProjectConfigurationPlatforms) = postSolution
		{4A70AE2F-3AD4-4370-8718-5BFBD3D7F57E}.Debug|Any CPU.ActiveCfg = Debug|Any CPU
		{4A70AE2F-3AD4-4370-8718-5BFBD3D7F57E}.Debug|Any CPU.Build.0 = Debug|Any CPU
		{4A70AE2F-3AD4-4370-8718-5BFBD3D7F57E}.Release|Any CPU.ActiveCfg = Release|Any CPU
		{4A70AE2F-3AD4-4370-8718-5BFBD3D7F57E}.Release|Any CPU.Build.0 = Release|Any CPU
	EndGlobalSection
	GlobalSection(SolutionProperties) = preSolution
		HideSolutionNode = FALSE
	EndGlobalSection
	GlobalSection(ExtensibilityGlobals) = postSolution
		SolutionGuid = {CE3C0BD9-4879-4FEA-BCCC-52B38176231C}
	EndGlobalSection
EndGlobal
